
Microsoft Visual Studio Solution File, Format Version 12.00
# Visual Studio Version 17
VisualStudioVersion = 17.0.32014.148
MinimumVisualStudioVersion = 10.0.40219.1
Project("{FAE04EC0-301F-11D3-BF4B-00C04F79EFBC}") = "PrimeNumber", "PrimeNumber\PrimeNumber.csproj", "{594F806D-09A7-4DB1-8A90-55CDE4A46A25}"
EndProject
Global
	GlobalSection(SolutionConfigurationPlatforms) = preSolution
		Debug|Any CPU = Debug|Any CPU
		Release|Any CPU = Release|Any CPU
	EndGlobalSection
	GlobalSection(ProjectConfigurationPlatforms) = postSolution
		{594F806D-09A7-4DB1-8A90-55CDE4A46A25}.Debug|Any CPU.ActiveCfg = Debug|Any CPU
		{594F806D-09A7-4DB1-8A90-55CDE4A46A25}.Debug|Any CPU.Build.0 = Debug|Any CPU
		{594F806D-09A7-4DB1-8A90-55CDE4A46A25}.Release|Any CPU.ActiveCfg = Release|Any CPU
		{594F806D-09A7-4DB1-8A90-55CDE4A46A25}.Release|Any CPU.Build.0 = Release|Any CPU
	EndGlobalSection
	GlobalSection(SolutionProperties) = preSolution
		HideSolutionNode = FALSE
	EndGlobalSection
	GlobalSection(ExtensibilityGlobals) = postSolution
		SolutionGuid = {54E1CC13-AB5A-4949-AC7C-E01AB8ABF2DE}
	EndGlobalSection
EndGlobal
